
Microsoft Visual Studio Solution File, Format Version 12.00
# Visual Studio Version 16
VisualStudioVersion = 16.0.31112.23
MinimumVisualStudioVersion = 10.0.40219.1
Project("{9A19103F-16F7-4668-BE54-9A1E7A4F7556}") = "RegEx", "Module1\RegEx.csproj", "{BB65F7BE-3586-43CD-AD00-22D74CA6D778}"
EndProject
Global
	GlobalSection(SolutionConfigurationPlatforms) = preSolution
		Debug|Any CPU = Debug|Any CPU
		Release|Any CPU = Release|Any CPU
	EndGlobalSection
	GlobalSection(ProjectConfigurationPlatforms) = postSolution
		{BB65F7BE-3586-43CD-AD00-22D74CA6D778}.Debug|Any CPU.ActiveCfg = Debug|Any CPU
		{BB65F7BE-3586-43CD-AD00-22D74CA6D778}.Debug|Any CPU.Build.0 = Debug|Any CPU
		{BB65F7BE-3586-43CD-AD00-22D74CA6D778}.Release|Any CPU.ActiveCfg = Release|Any CPU
		{BB65F7BE-3586-43CD-AD00-22D74CA6D778}.Release|Any CPU.Build.0 = Release|Any CPU
	EndGlobalSection
	GlobalSection(SolutionProperties) = preSolution
		HideSolutionNode = FALSE
	EndGlobalSection
	GlobalSection(ExtensibilityGlobals) = postSolution
		SolutionGuid = {6D4E7669-193E-4ED2-9945-C24D5F5B4729}
	EndGlobalSection
EndGlobal
